schema: '2.0'
stages:
  data_ingestion:
    cmd: python src/data_ingestion.py
    deps:
    - path: src/data_ingestion.py
      hash: md5
      md5: 13af75dfcff265236b83070ef06d884d
      size: 2002
    outs:
    - path: dataset/Dataset
      hash: md5
      md5: a19866f5cdfd32cacfb293e37a23d2f9.dir
      size: 91685
      nfiles: 1
  data_preprecessing:
    cmd: python src/data_preprocessing.py
    deps:
    - path: dataset/Dataset
      hash: md5
      md5: a19866f5cdfd32cacfb293e37a23d2f9.dir
      size: 91685
      nfiles: 1
    - path: src/data_preprocessing.py
      hash: md5
      md5: b0a45de4ba66eda6127a5652b97ffd42
      size: 2502
    outs:
    - path: data/raw
      hash: md5
      md5: 55dd7ebe268caf520b40cc124ec2716a.dir
      size: 120920
      nfiles: 2
  model_training:
    cmd: python src/model_training.py
    deps:
    - path: data/raw
      hash: md5
      md5: 7547bbc155f7d81dd39dda843e345980.dir
      size: 120658
      nfiles: 2
    - path: src/model_training.py
      hash: md5
      md5: 05290f4c3be7fa894c70ea9f29c0ce61
      size: 3431
    params:
      params.yaml:
        model_training.max_depth: 3
    outs:
    - path: models/model.pkl
      hash: md5
      md5: ade41faaab82376279543a0e69622949
      size: 2291
  model_evaluation:
    cmd: python src/model_evaluation.py
    deps:
    - path: models/model.pkl
      hash: md5
      md5: ade41faaab82376279543a0e69622949
      size: 2291
    - path: src/model_evaluation.py
      hash: md5
      md5: 97d73fcd200135c6c5a0aa220c75d0ce
      size: 4845
    outs:
    - path: reports/metrics.json
      hash: md5
      md5: 7a66b614ed9130004feae6ed4f369513
      size: 144
  data_preprocessing:
    cmd: python src/data_preprocessing.py
    deps:
    - path: dataset/Dataset
      hash: md5
      md5: a19866f5cdfd32cacfb293e37a23d2f9.dir
      size: 91685
      nfiles: 1
    - path: src/data_preprocessing.py
      hash: md5
      md5: 387d832364653fa5de4f4a0726eb1b88
      size: 3170
    params:
      params.yaml:
        data_preprocessing.test_size: 0.25
    outs:
    - path: data/raw
      hash: md5
      md5: 7547bbc155f7d81dd39dda843e345980.dir
      size: 120658
      nfiles: 2
